
Microsoft Visual Studio Solution File, Format Version 12.00
# Visual Studio Version 17
VisualStudioVersion = 17.4.33205.214
MinimumVisualStudioVersion = 10.0.40219.1
Project("{888888A0-9F3D-457C-B088-3A5042F75D52}") = "translate", "translate.pyproj", "{62237DD5-9B2B-48F8-A85A-3AE53B6E3828}"
EndProject
Global
	GlobalSection(SolutionConfigurationPlatforms) = preSolution
		Debug|Any CPU = Debug|Any CPU
		Release|Any CPU = Release|Any CPU
	EndGlobalSection
	GlobalSection(ProjectConfigurationPlatforms) = postSolution
		{62237DD5-9B2B-48F8-A85A-3AE53B6E3828}.Debug|Any CPU.ActiveCfg = Debug|Any CPU
		{62237DD5-9B2B-48F8-A85A-3AE53B6E3828}.Release|Any CPU.ActiveCfg = Release|Any CPU
	EndGlobalSection
	GlobalSection(SolutionProperties) = preSolution
		HideSolutionNode = FALSE
	EndGlobalSection
	GlobalSection(ExtensibilityGlobals) = postSolution
		SolutionGuid = {E413431C-732C-4685-BBFF-E44033D7BDE3}
	EndGlobalSection
EndGlobal
